{
  "name": "mat-select-autocomplete",
  "version": "1.2.1",
  "lockfileVersion": 1,
  "requires": true,
  "dependencies": {
    "@angular/cdk": {
      "version": "11.0.4",
      "resolved": "https://registry.npmjs.org/@angular/cdk/-/cdk-11.0.4.tgz",
      "integrity": "sha512-suhAhsZEv+lLwm8dc524cMvO7gHPi+z2+4tueNS+zDiIObdZc4fs+KoOlnRMdYwba++X/V8mHXuDEQetl3GFcw==",
      "requires": {
        "parse5": "^5.0.0",
        "tslib": "^2.0.0"
      }
    },
    "@angular/material": {
      "version": "11.0.4",
      "resolved": "https://registry.npmjs.org/@angular/material/-/material-11.0.4.tgz",
      "integrity": "sha512-yjJEl3UbJxyKZFAbhvyZGphDfhtR1vo0AnDEE3KBxAOp9oD4r7paL6ER9rSXFoNRjST56tIDbNtG/wZNtH0XDQ==",
      "requires": {
        "tslib": "^2.0.0"
      }
    },
    "parse5": {
      "version": "5.1.1",
      "resolved": "https://registry.npmjs.org/parse5/-/parse5-5.1.1.tgz",
      "integrity": "sha512-ugq4DFI0Ptb+WWjAdOK16+u/nHfiIrcE+sh8kZMaM0WllQKLI9rOUq6c2b7cwPkXdzfQESqvoqK6ug7U/Yyzug==",
      "optional": true
    },
    "tslib": {
      "version": "2.3.1",
      "resolved": "https://registry.npmjs.org/tslib/-/tslib-2.3.1.tgz",
      "integrity": "sha512-77EbyPPpMz+FRFRuAFlWMtmgUWGe9UOG2Z25NqCwiIjRhOf5iKGuzSe5P2w1laq+FkRy4p+PCuVkJSGkzTEKVw=="
    }
  }
}
